
Microsoft Visual Studio Solution File, Format Version 12.00
# Visual Studio Version 16
VisualStudioVersion = 16.0.30011.22
MinimumVisualStudioVersion = 10.0.40219.1
Project("{FAE04EC0-301F-11D3-BF4B-00C04F79EFBC}") = "ApiPrueba.WEBAPI", "ApiPrueba.WEBAPI\ApiPrueba.WEBAPI.csproj", "{A2BE6343-7919-44C1-A03B-6B9AB9626C2C}"
EndProject
Global
	GlobalSection(SolutionConfigurationPlatforms) = preSolution
		Debug|Any CPU = Debug|Any CPU
		Release|Any CPU = Release|Any CPU
	EndGlobalSection
	GlobalSection(ProjectConfigurationPlatforms) = postSolution
		{A2BE6343-7919-44C1-A03B-6B9AB9626C2C}.Debug|Any CPU.ActiveCfg = Debug|Any CPU
		{A2BE6343-7919-44C1-A03B-6B9AB9626C2C}.Debug|Any CPU.Build.0 = Debug|Any CPU
		{A2BE6343-7919-44C1-A03B-6B9AB9626C2C}.Release|Any CPU.ActiveCfg = Release|Any CPU
		{A2BE6343-7919-44C1-A03B-6B9AB9626C2C}.Release|Any CPU.Build.0 = Release|Any CPU
	EndGlobalSection
	GlobalSection(SolutionProperties) = preSolution
		HideSolutionNode = FALSE
	EndGlobalSection
	GlobalSection(ExtensibilityGlobals) = postSolution
		SolutionGuid = {B4099E84-7811-4861-8F02-830DC8D08971}
	EndGlobalSection
EndGlobal
